// !$*UTF8*$!
{
	archiveVersion = 1;
	classes = {
	};
	objectVersion = 56;
	objects = {

/* Begin PBXBuildFile section */
		7B3E65D22ACDA18F000CBBCA /* AppDelegate.swift in Sources */ = {isa = PBXBuildFile; fileRef = 7B3E65D12ACDA18F000CBBCA /* AppDelegate.swift */; };
		7B3E65D42ACDA18F000CBBCA /* SceneDelegate.swift in Sources */ = {isa = PBXBuildFile; fileRef = 7B3E65D32ACDA18F000CBBCA /* SceneDelegate.swift */; };
		7B3E65D62ACDA18F000CBBCA /* ViewController.swift in Sources */ = {isa = PBXBuildFile; fileRef = 7B3E65D52ACDA18F000CBBCA /* ViewController.swift */; };
		7B3E65D92ACDA18F000CBBCA /* Main.storyboard in Resources */ = {isa = PBXBuildFile; fileRef = 7B3E65D72ACDA18F000CBBCA /* Main.storyboard */; };
		7B3E65DB2ACDA190000CBBCA /* Assets.xcassets in Resources */ = {isa = PBXBuildFile; fileRef = 7B3E65DA2ACDA190000CBBCA /* Assets.xcassets */; };
		7B3E65DE2ACDA190000CBBCA /* LaunchScreen.storyboard in Resources */ = {isa = PBXBuildFile; fileRef = 7B3E65DC2ACDA190000CBBCA /* LaunchScreen.storyboard */; };
		7B3E65E72ACDA222000CBBCA /* CustomView.swift in Sources */ = {isa = PBXBuildFile; fileRef = 7B3E65E62ACDA222000CBBCA /* CustomView.swift */; };
		7B3E65E92ACDA257000CBBCA /* CustomView.xib in Resources */ = {isa = PBXBuildFile; fileRef = 7B3E65E82ACDA257000CBBCA /* CustomView.xib */; };
		7BAA70F82AD0AFCE00FD343A /* TitleSectionComponent.swift in Sources */ = {isa = PBXBuildFile; fileRef = 7BAA70F72AD0AFCE00FD343A /* TitleSectionComponent.swift */; };
		7BAA70FA2AD0B01600FD343A /* TitleSectionComponent.xib in Resources */ = {isa = PBXBuildFile; fileRef = 7BAA70F92AD0B01600FD343A /* TitleSectionComponent.xib */; };
		7BEFF39C2ACE5CA4005D7FF0 /* ConstantsProject.swift in Sources */ = {isa = PBXBuildFile; fileRef = 7BEFF39B2ACE5CA4005D7FF0 /* ConstantsProject.swift */; };
		7BEFF39E2ACE5D7C005D7FF0 /* TitleMonthComponent.swift in Sources */ = {isa = PBXBuildFile; fileRef = 7BEFF39D2ACE5D7C005D7FF0 /* TitleMonthComponent.swift */; };
		7BEFF3A02ACE5D8D005D7FF0 /* TitleMonthComponent.xib in Resources */ = {isa = PBXBuildFile; fileRef = 7BEFF39F2ACE5D8D005D7FF0 /* TitleMonthComponent.xib */; };
		7BF932FD2AD03DD600641E1A /* MainBoardViewController.swift in Sources */ = {isa = PBXBuildFile; fileRef = 7BF932FC2AD03DD600641E1A /* MainBoardViewController.swift */; };
		7BF933012AD03E1400641E1A /* MainBoard.storyboard in Resources */ = {isa = PBXBuildFile; fileRef = 7BF933002AD03E1400641E1A /* MainBoard.storyboard */; };
		7BFA491C2AD07E9E0091C78C /* CustomTableView.swift in Sources */ = {isa = PBXBuildFile; fileRef = 7BFA491B2AD07E9E0091C78C /* CustomTableView.swift */; };
		7BFA491F2AD084AE0091C78C /* StructDashBoard.swift in Sources */ = {isa = PBXBuildFile; fileRef = 7BFA491E2AD084AE0091C78C /* StructDashBoard.swift */; };
/* End PBXBuildFile section */

/* Begin PBXFileReference section */
		7B3E65CE2ACDA18F000CBBCA /* helpWidgetUIKit.app */ = {isa = PBXFileReference; explicitFileType = wrapper.application; includeInIndex = 0; path = helpWidgetUIKit.app; sourceTree = BUILT_PRODUCTS_DIR; };
		7B3E65D12ACDA18F000CBBCA /* AppDelegate.swift */ = {isa = PBXFileReference; lastKnownFileType = sourcecode.swift; path = AppDelegate.swift; sourceTree = "<group>"; };
		7B3E65D32ACDA18F000CBBCA /* SceneDelegate.swift */ = {isa = PBXFileReference; lastKnownFileType = sourcecode.swift; path = SceneDelegate.swift; sourceTree = "<group>"; };
		7B3E65D52ACDA18F000CBBCA /* ViewController.swift */ = {isa = PBXFileReference; lastKnownFileType = sourcecode.swift; path = ViewController.swift; sourceTree = "<group>"; };
		7B3E65D82ACDA18F000CBBCA /* Base */ = {isa = PBXFileReference; lastKnownFileType = file.storyboard; name = Base; path = Base.lproj/Main.storyboard; sourceTree = "<group>"; };
		7B3E65DA2ACDA190000CBBCA /* Assets.xcassets */ = {isa = PBXFileReference; lastKnownFileType = folder.assetcatalog; path = Assets.xcassets; sourceTree = "<group>"; };
		7B3E65DD2ACDA190000CBBCA /* Base */ = {isa = PBXFileReference; lastKnownFileType = file.storyboard; name = Base; path = Base.lproj/LaunchScreen.storyboard; sourceTree = "<group>"; };
		7B3E65DF2ACDA190000CBBCA /* Info.plist */ = {isa = PBXFileReference; lastKnownFileType = text.plist.xml; path = Info.plist; sourceTree = "<group>"; };
		7B3E65E62ACDA222000CBBCA /* CustomView.swift */ = {isa = PBXFileReference; lastKnownFileType = sourcecode.swift; path = CustomView.swift; sourceTree = "<group>"; };
		7B3E65E82ACDA257000CBBCA /* CustomView.xib */ = {isa = PBXFileReference; lastKnownFileType = file.xib; path = CustomView.xib; sourceTree = "<group>"; };
		7BAA70F72AD0AFCE00FD343A /* TitleSectionComponent.swift */ = {isa = PBXFileReference; lastKnownFileType = sourcecode.swift; path = TitleSectionComponent.swift; sourceTree = "<group>"; };
		7BAA70F92AD0B01600FD343A /* TitleSectionComponent.xib */ = {isa = PBXFileReference; lastKnownFileType = file.xib; path = TitleSectionComponent.xib; sourceTree = "<group>"; };
		7BEFF39B2ACE5CA4005D7FF0 /* ConstantsProject.swift */ = {isa = PBXFileReference; lastKnownFileType = sourcecode.swift; path = ConstantsProject.swift; sourceTree = "<group>"; };
		7BEFF39D2ACE5D7C005D7FF0 /* TitleMonthComponent.swift */ = {isa = PBXFileReference; lastKnownFileType = sourcecode.swift; path = TitleMonthComponent.swift; sourceTree = "<group>"; };
		7BEFF39F2ACE5D8D005D7FF0 /* TitleMonthComponent.xib */ = {isa = PBXFileReference; lastKnownFileType = file.xib; path = TitleMonthComponent.xib; sourceTree = "<group>"; };
		7BF932FC2AD03DD600641E1A /* MainBoardViewController.swift */ = {isa = PBXFileReference; lastKnownFileType = sourcecode.swift; path = MainBoardViewController.swift; sourceTree = "<group>"; };
		7BF933002AD03E1400641E1A /* MainBoard.storyboard */ = {isa = PBXFileReference; lastKnownFileType = file.storyboard; path = MainBoard.storyboard; sourceTree = "<group>"; };
		7BFA491B2AD07E9E0091C78C /* CustomTableView.swift */ = {isa = PBXFileReference; lastKnownFileType = sourcecode.swift; path = CustomTableView.swift; sourceTree = "<group>"; };
		7BFA491E2AD084AE0091C78C /* StructDashBoard.swift */ = {isa = PBXFileReference; lastKnownFileType = sourcecode.swift; path = StructDashBoard.swift; sourceTree = "<group>"; };
/* End PBXFileReference section */

/* Begin PBXFrameworksBuildPhase section */
		7B3E65CB2ACDA18F000CBBCA /* Frameworks */ = {
			isa = PBXFrameworksBuildPhase;
			buildActionMask = 2147483647;
			files = (
			);
			runOnlyForDeploymentPostprocessing = 0;
		};
/* End PBXFrameworksBuildPhase section */

/* Begin PBXGroup section */
		7B3E65C52ACDA18F000CBBCA = {
			isa = PBXGroup;
			children = (
				7B3E65D02ACDA18F000CBBCA /* helpWidgetUIKit */,
				7B3E65CF2ACDA18F000CBBCA /* Products */,
			);
			sourceTree = "<group>";
		};
		7B3E65CF2ACDA18F000CBBCA /* Products */ = {
			isa = PBXGroup;
			children = (
				7B3E65CE2ACDA18F000CBBCA /* helpWidgetUIKit.app */,
			);
			name = Products;
			sourceTree = "<group>";
		};
		7B3E65D02ACDA18F000CBBCA /* helpWidgetUIKit */ = {
			isa = PBXGroup;
			children = (
				7BFA491D2AD084960091C78C /* StructDashBoard */,
				7B3E65D12ACDA18F000CBBCA /* AppDelegate.swift */,
				7B3E65D32ACDA18F000CBBCA /* SceneDelegate.swift */,
				7BEFF39B2ACE5CA4005D7FF0 /* ConstantsProject.swift */,
				7B3E65E52ACDA1DF000CBBCA /* CustomComponents */,
				7BF932FF2AD03DF500641E1A /* LaunchScreen */,
				7BF933022AD04F5600641E1A /* MainBoard */,
				7B3E65D52ACDA18F000CBBCA /* ViewController.swift */,
				7B3E65D72ACDA18F000CBBCA /* Main.storyboard */,
				7B3E65DA2ACDA190000CBBCA /* Assets.xcassets */,
				7B3E65DF2ACDA190000CBBCA /* Info.plist */,
			);
			path = helpWidgetUIKit;
			sourceTree = "<group>";
		};
		7B3E65E52ACDA1DF000CBBCA /* CustomComponents */ = {
			isa = PBXGroup;
			children = (
				7BAA70F92AD0B01600FD343A /* TitleSectionComponent.xib */,
				7BAA70F72AD0AFCE00FD343A /* TitleSectionComponent.swift */,
				7B3E65E82ACDA257000CBBCA /* CustomView.xib */,
				7B3E65E62ACDA222000CBBCA /* CustomView.swift */,
				7BEFF39F2ACE5D8D005D7FF0 /* TitleMonthComponent.xib */,
				7BEFF39D2ACE5D7C005D7FF0 /* TitleMonthComponent.swift */,
				7BFA491B2AD07E9E0091C78C /* CustomTableView.swift */,
			);
			path = CustomComponents;
			sourceTree = "<group>";
		};
		7BF932FF2AD03DF500641E1A /* LaunchScreen */ = {
			isa = PBXGroup;
			children = (
				7B3E65DC2ACDA190000CBBCA /* LaunchScreen.storyboard */,
			);
			path = LaunchScreen;
			sourceTree = "<group>";
		};
		7BF933022AD04F5600641E1A /* MainBoard */ = {
			isa = PBXGroup;
			children = (
				7BF932FC2AD03DD600641E1A /* MainBoardViewController.swift */,
				7BF933002AD03E1400641E1A /* MainBoard.storyboard */,
			);
			path = MainBoard;
			sourceTree = "<group>";
		};
		7BFA491D2AD084960091C78C /* StructDashBoard */ = {
			isa = PBXGroup;
			children = (
				7BFA491E2AD084AE0091C78C /* StructDashBoard.swift */,
			);
			path = StructDashBoard;
			sourceTree = "<group>";
		};
/* End PBXGroup section */

/* Begin PBXNativeTarget section */
		7B3E65CD2ACDA18F000CBBCA /* helpWidgetUIKit */ = {
			isa = PBXNativeTarget;
			buildConfigurationList = 7B3E65E22ACDA190000CBBCA /* Build configuration list for PBXNativeTarget "helpWidgetUIKit" */;
			buildPhases = (
				7B3E65CA2ACDA18F000CBBCA /* Sources */,
				7B3E65CB2ACDA18F000CBBCA /* Frameworks */,
				7B3E65CC2ACDA18F000CBBCA /* Resources */,
			);
			buildRules = (
			);
			dependencies = (
			);
			name = helpWidgetUIKit;
			productName = helpWidgetUIKit;
			productReference = 7B3E65CE2ACDA18F000CBBCA /* helpWidgetUIKit.app */;
			productType = "com.apple.product-type.application";
		};
/* End PBXNativeTarget section */

/* Begin PBXProject section */
		7B3E65C62ACDA18F000CBBCA /* Project object */ = {
			isa = PBXProject;
			attributes = {
				BuildIndependentTargetsInParallel = 1;
				LastSwiftUpdateCheck = 1500;
				LastUpgradeCheck = 1500;
				TargetAttributes = {
					7B3E65CD2ACDA18F000CBBCA = {
						CreatedOnToolsVersion = 15.0;
					};
				};
			};
			buildConfigurationList = 7B3E65C92ACDA18F000CBBCA /* Build configuration list for PBXProject "helpWidgetUIKit" */;
			compatibilityVersion = "Xcode 14.0";
			developmentRegion = en;
			hasScannedForEncodings = 0;
			knownRegions = (
				en,
				Base,
			);
			mainGroup = 7B3E65C52ACDA18F000CBBCA;
			productRefGroup = 7B3E65CF2ACDA18F000CBBCA /* Products */;
			projectDirPath = "";
			projectRoot = "";
			targets = (
				7B3E65CD2ACDA18F000CBBCA /* helpWidgetUIKit */,
			);
		};
/* End PBXProject section */

/* Begin PBXResourcesBuildPhase section */
		7B3E65CC2ACDA18F000CBBCA /* Resources */ = {
			isa = PBXResourcesBuildPhase;
			buildActionMask = 2147483647;
			files = (
				7B3E65DE2ACDA190000CBBCA /* LaunchScreen.storyboard in Resources */,
				7B3E65E92ACDA257000CBBCA /* CustomView.xib in Resources */,
				7BF933012AD03E1400641E1A /* MainBoard.storyboard in Resources */,
				7BAA70FA2AD0B01600FD343A /* TitleSectionComponent.xib in Resources */,
				7BEFF3A02ACE5D8D005D7FF0 /* TitleMonthComponent.xib in Resources */,
				7B3E65DB2ACDA190000CBBCA /* Assets.xcassets in Resources */,
				7B3E65D92ACDA18F000CBBCA /* Main.storyboard in Resources */,
			);
			runOnlyForDeploymentPostprocessing = 0;
		};
/* End PBXResourcesBuildPhase section */

/* Begin PBXSourcesBuildPhase section */
		7B3E65CA2ACDA18F000CBBCA /* Sources */ = {
			isa = PBXSourcesBuildPhase;
			buildActionMask = 2147483647;
			files = (
				7B3E65D62ACDA18F000CBBCA /* ViewController.swift in Sources */,
				7B3E65E72ACDA222000CBBCA /* CustomView.swift in Sources */,
				7BAA70F82AD0AFCE00FD343A /* TitleSectionComponent.swift in Sources */,
				7BEFF39E2ACE5D7C005D7FF0 /* TitleMonthComponent.swift in Sources */,
				7BEFF39C2ACE5CA4005D7FF0 /* ConstantsProject.swift in Sources */,
				7BF932FD2AD03DD600641E1A /* MainBoardViewController.swift in Sources */,
				7B3E65D22ACDA18F000CBBCA /* AppDelegate.swift in Sources */,
				7BFA491C2AD07E9E0091C78C /* CustomTableView.swift in Sources */,
				7BFA491F2AD084AE0091C78C /* StructDashBoard.swift in Sources */,
				7B3E65D42ACDA18F000CBBCA /* SceneDelegate.swift in Sources */,
			);
			runOnlyForDeploymentPostprocessing = 0;
		};
/* End PBXSourcesBuildPhase section */

/* Begin PBXVariantGroup section */
		7B3E65D72ACDA18F000CBBCA /* Main.storyboard */ = {
			isa = PBXVariantGroup;
			children = (
				7B3E65D82ACDA18F000CBBCA /* Base */,
			);
			name = Main.storyboard;
			sourceTree = "<group>";
		};
		7B3E65DC2ACDA190000CBBCA /* LaunchScreen.storyboard */ = {
			isa = PBXVariantGroup;
			children = (
				7B3E65DD2ACDA190000CBBCA /* Base */,
			);
			name = LaunchScreen.storyboard;
			sourceTree = "<group>";
		};
/* End PBXVariantGroup section */

/* Begin XCBuildConfiguration section */
		7B3E65E02ACDA190000CBBCA /* Debug */ = {
			isa = XCBuildConfiguration;
			buildSettings = {
				ALWAYS_SEARCH_USER_PATHS = NO;
				ASSETCATALOG_COMPILER_GENERATE_SWIFT_ASSET_SYMBOL_EXTENSIONS = YES;
				CLANG_ANALYZER_NONNULL = YES;
				CLANG_ANALYZER_NUMBER_OBJECT_CONVERSION = YES_AGGRESSIVE;
				CLANG_CXX_LANGUAGE_STANDARD = "gnu++20";
				CLANG_ENABLE_MODULES = YES;
				CLANG_ENABLE_OBJC_ARC = YES;
				CLANG_ENABLE_OBJC_WEAK = YES;
				CLANG_WARN_BLOCK_CAPTURE_AUTORELEASING = YES;
				CLANG_WARN_BOOL_CONVERSION = YES;
				CLANG_WARN_COMMA = YES;
				CLANG_WARN_CONSTANT_CONVERSION = YES;
				CLANG_WARN_DEPRECATED_OBJC_IMPLEMENTATIONS = YES;
				CLANG_WARN_DIRECT_OBJC_ISA_USAGE = YES_ERROR;
				CLANG_WARN_DOCUMENTATION_COMMENTS = YES;
				CLANG_WARN_EMPTY_BODY = YES;
				CLANG_WARN_ENUM_CONVERSION = YES;
				CLANG_WARN_INFINITE_RECURSION = YES;
				CLANG_WARN_INT_CONVERSION = YES;
				CLANG_WARN_NON_LITERAL_NULL_CONVERSION = YES;
				CLANG_WARN_OBJC_IMPLICIT_RETAIN_SELF = YES;
				CLANG_WARN_OBJC_LITERAL_CONVERSION = YES;
				CLANG_WARN_OBJC_ROOT_CLASS = YES_ERROR;
				CLANG_WARN_QUOTED_INCLUDE_IN_FRAMEWORK_HEADER = YES;
				CLANG_WARN_RANGE_LOOP_ANALYSIS = YES;
				CLANG_WARN_STRICT_PROTOTYPES = YES;
				CLANG_WARN_SUSPICIOUS_MOVE = YES;
				CLANG_WARN_UNGUARDED_AVAILABILITY = YES_AGGRESSIVE;
				CLANG_WARN_UNREACHABLE_CODE = YES;
				CLANG_WARN__DUPLICATE_METHOD_MATCH = YES;
				COPY_PHASE_STRIP = NO;
				DEBUG_INFORMATION_FORMAT = dwarf;
				ENABLE_STRICT_OBJC_MSGSEND = YES;
				ENABLE_TESTABILITY = YES;
				ENABLE_USER_SCRIPT_SANDBOXING = YES;
				GCC_C_LANGUAGE_STANDARD = gnu17;
				GCC_DYNAMIC_NO_PIC = NO;
				GCC_NO_COMMON_BLOCKS = YES;
				GCC_OPTIMIZATION_LEVEL = 0;
				GCC_PREPROCESSOR_DEFINITIONS = (
					"DEBUG=1",
					"$(inherited)",
				);
				GCC_WARN_64_TO_32_BIT_CONVERSION = YES;
				GCC_WARN_ABOUT_RETURN_TYPE = YES_ERROR;
				GCC_WARN_UNDECLARED_SELECTOR = YES;
				GCC_WARN_UNINITIALIZED_AUTOS = YES_AGGRESSIVE;
				GCC_WARN_UNUSED_FUNCTION = YES;
				GCC_WARN_UNUSED_VARIABLE = YES;
				IPHONEOS_DEPLOYMENT_TARGET = 16.0;
				LOCALIZATION_PREFERS_STRING_CATALOGS = YES;
				MTL_ENABLE_DEBUG_INFO = INCLUDE_SOURCE;
				MTL_FAST_MATH = YES;
				ONLY_ACTIVE_ARCH = YES;
				SDKROOT = iphoneos;
				SWIFT_ACTIVE_COMPILATION_CONDITIONS = "DEBUG $(inherited)";
				SWIFT_OPTIMIZATION_LEVEL = "-Onone";
			};
			name = Debug;
		};
		7B3E65E12ACDA190000CBBCA /* Release */ = {
			isa = XCBuildConfiguration;
			buildSettings = {
				ALWAYS_SEARCH_USER_PATHS = NO;
				ASSETCATALOG_COMPILER_GENERATE_SWIFT_ASSET_SYMBOL_EXTENSIONS = YES;
				CLANG_ANALYZER_NONNULL = YES;
				CLANG_ANALYZER_NUMBER_OBJECT_CONVERSION = YES_AGGRESSIVE;
				CLANG_CXX_LANGUAGE_STANDARD = "gnu++20";
				CLANG_ENABLE_MODULES = YES;
				CLANG_ENABLE_OBJC_ARC = YES;
				CLANG_ENABLE_OBJC_WEAK = YES;
				CLANG_WARN_BLOCK_CAPTURE_AUTORELEASING = YES;
				CLANG_WARN_BOOL_CONVERSION = YES;
				CLANG_WARN_COMMA = YES;
				CLANG_WARN_CONSTANT_CONVERSION = YES;
				CLANG_WARN_DEPRECATED_OBJC_IMPLEMENTATIONS = YES;
				CLANG_WARN_DIRECT_OBJC_ISA_USAGE = YES_ERROR;
				CLANG_WARN_DOCUMENTATION_COMMENTS = YES;
				CLANG_WARN_EMPTY_BODY = YES;
				CLANG_WARN_ENUM_CONVERSION = YES;
				CLANG_WARN_INFINITE_RECURSION = YES;
				CLANG_WARN_INT_CONVERSION = YES;
				CLANG_WARN_NON_LITERAL_NULL_CONVERSION = YES;
				CLANG_WARN_OBJC_IMPLICIT_RETAIN_SELF = YES;
				CLANG_WARN_OBJC_LITERAL_CONVERSION = YES;
				CLANG_WARN_OBJC_ROOT_CLASS = YES_ERROR;
				CLANG_WARN_QUOTED_INCLUDE_IN_FRAMEWORK_HEADER = YES;
				CLANG_WARN_RANGE_LOOP_ANALYSIS = YES;
				CLANG_WARN_STRICT_PROTOTYPES = YES;
				CLANG_WARN_SUSPICIOUS_MOVE = YES;
				CLANG_WARN_UNGUARDED_AVAILABILITY = YES_AGGRESSIVE;
				CLANG_WARN_UNREACHABLE_CODE = YES;
				CLANG_WARN__DUPLICATE_METHOD_MATCH = YES;
				COPY_PHASE_STRIP = NO;
				DEBUG_INFORMATION_FORMAT = "dwarf-with-dsym";
				ENABLE_NS_ASSERTIONS = NO;
				ENABLE_STRICT_OBJC_MSGSEND = YES;
				ENABLE_USER_SCRIPT_SANDBOXING = YES;
				GCC_C_LANGUAGE_STANDARD = gnu17;
				GCC_NO_COMMON_BLOCKS = YES;
				GCC_WARN_64_TO_32_BIT_CONVERSION = YES;
				GCC_WARN_ABOUT_RETURN_TYPE = YES_ERROR;
				GCC_WARN_UNDECLARED_SELECTOR = YES;
				GCC_WARN_UNINITIALIZED_AUTOS = YES_AGGRESSIVE;
				GCC_WARN_UNUSED_FUNCTION = YES;
				GCC_WARN_UNUSED_VARIABLE = YES;
				IPHONEOS_DEPLOYMENT_TARGET = 16.0;
				LOCALIZATION_PREFERS_STRING_CATALOGS = YES;
				MTL_ENABLE_DEBUG_INFO = NO;
				MTL_FAST_MATH = YES;
				SDKROOT = iphoneos;
				SWIFT_COMPILATION_MODE = wholemodule;
				VALIDATE_PRODUCT = YES;
			};
			name = Release;
		};
		7B3E65E32ACDA190000CBBCA /* Debug */ = {
			isa = XCBuildConfiguration;
			buildSettings = {
				ASSETCATALOG_COMPILER_APPICON_NAME = AppIcon;
				ASSETCATALOG_COMPILER_GLOBAL_ACCENT_COLOR_NAME = AccentColor;
				CODE_SIGN_STYLE = Automatic;
				CURRENT_PROJECT_VERSION = 1;
				DEVELOPMENT_TEAM = J7JQJTT8YZ;
				GENERATE_INFOPLIST_FILE = YES;
				INFOPLIST_FILE = helpWidgetUIKit/Info.plist;
				INFOPLIST_KEY_UIApplicationSupportsIndirectInputEvents = YES;
				INFOPLIST_KEY_UILaunchStoryboardName = LaunchScreen;
				INFOPLIST_KEY_UIMainStoryboardFile = MainBoard.storyboard;
				INFOPLIST_KEY_UISupportedInterfaceOrientations_iPad = "UIInterfaceOrientationPortrait UIInterfaceOrientationPortraitUpsideDown UIInterfaceOrientationLandscapeLeft UIInterfaceOrientationLandscapeRight";
				INFOPLIST_KEY_UISupportedInterfaceOrientations_iPhone = "UIInterfaceOrientationPortrait UIInterfaceOrientationLandscapeLeft UIInterfaceOrientationLandscapeRight";
				IPHONEOS_DEPLOYMENT_TARGET = 16.0;
				LD_RUNPATH_SEARCH_PATHS = (
					"$(inherited)",
					"@executable_path/Frameworks",
				);
				MARKETING_VERSION = 1.0;
				PRODUCT_BUNDLE_IDENTIFIER = gstv.helpWidget.UIKit;
				PRODUCT_NAME = "$(TARGET_NAME)";
				SUPPORTED_PLATFORMS = "iphoneos iphonesimulator";
				SUPPORTS_MACCATALYST = NO;
				SUPPORTS_MAC_DESIGNED_FOR_IPHONE_IPAD = NO;
				SWIFT_EMIT_LOC_STRINGS = YES;
				SWIFT_VERSION = 5.0;
				TARGETED_DEVICE_FAMILY = "1,2";
			};
			name = Debug;
		};
		7B3E65E42ACDA190000CBBCA /* Release */ = {
			isa = XCBuildConfiguration;
			buildSettings = {
				ASSETCATALOG_COMPILER_APPICON_NAME = AppIcon;
				ASSETCATALOG_COMPILER_GLOBAL_ACCENT_COLOR_NAME = AccentColor;
				CODE_SIGN_STYLE = Automatic;
				CURRENT_PROJECT_VERSION = 1;
				DEVELOPMENT_TEAM = J7JQJTT8YZ;
				GENERATE_INFOPLIST_FILE = YES;
				INFOPLIST_FILE = helpWidgetUIKit/Info.plist;
				INFOPLIST_KEY_UIApplicationSupportsIndirectInputEvents = YES;
				INFOPLIST_KEY_UILaunchStoryboardName = LaunchScreen;
				INFOPLIST_KEY_UIMainStoryboardFile = MainBoard.storyboard;
				INFOPLIST_KEY_UISupportedInterfaceOrientations_iPad = "UIInterfaceOrientationPortrait UIInterfaceOrientationPortraitUpsideDown UIInterfaceOrientationLandscapeLeft UIInterfaceOrientationLandscapeRight";
				INFOPLIST_KEY_UISupportedInterfaceOrientations_iPhone = "UIInterfaceOrientationPortrait UIInterfaceOrientationLandscapeLeft UIInterfaceOrientationLandscapeRight";
				IPHONEOS_DEPLOYMENT_TARGET = 16.0;
				LD_RUNPATH_SEARCH_PATHS = (
					"$(inherited)",
					"@executable_path/Frameworks",
				);
				MARKETING_VERSION = 1.0;
				PRODUCT_BUNDLE_IDENTIFIER = gstv.helpWidget.UIKit;
				PRODUCT_NAME = "$(TARGET_NAME)";
				SUPPORTED_PLATFORMS = "iphoneos iphonesimulator";
				SUPPORTS_MACCATALYST = NO;
				SUPPORTS_MAC_DESIGNED_FOR_IPHONE_IPAD = NO;
				SWIFT_EMIT_LOC_STRINGS = YES;
				SWIFT_VERSION = 5.0;
				TARGETED_DEVICE_FAMILY = "1,2";
			};
			name = Release;
		};
/* End XCBuildConfiguration section */

/* Begin XCConfigurationList section */
		7B3E65C92ACDA18F000CBBCA /* Build configuration list for PBXProject "helpWidgetUIKit" */ = {
			isa = XCConfigurationList;
			buildConfigurations = (
				7B3E65E02ACDA190000CBBCA /* Debug */,
				7B3E65E12ACDA190000CBBCA /* Release */,
			);
			defaultConfigurationIsVisible = 0;
			defaultConfigurationName = Release;
		};
		7B3E65E22ACDA190000CBBCA /* Build configuration list for PBXNativeTarget "helpWidgetUIKit" */ = {
			isa = XCConfigurationList;
			buildConfigurations = (
				7B3E65E32ACDA190000CBBCA /* Debug */,
				7B3E65E42ACDA190000CBBCA /* Release */,
			);
			defaultConfigurationIsVisible = 0;
			defaultConfigurationName = Release;
		};
/* End XCConfigurationList section */
	};
	rootObject = 7B3E65C62ACDA18F000CBBCA /* Project object */;
}
